# THIS IS AN AUTOGENERATED FILE. DO NOT EDIT THIS FILE DIRECTLY.
# yarn lockfile v1


accepts@^1.3.5:
  version "1.3.7"
  resolved "https://registry.yarnpkg.com/accepts/-/accepts-1.3.7.tgz#531bc726517a3b2b41f850021c6cc15eaab507cd"
  integrity sha512-Il80Qs2WjYlJIBNzNkK6KYqlVMTbZLXgHx2oT0pU/fjRHyEp+PEfEPY0R3WCwAGVOtauxh1hOxNgIf5bv7dQpA==
  dependencies:
    mime-types "~2.1.24"
    negotiator "0.6.2"

ansi-styles@~1.0.0:
  version "1.0.0"
  resolved "https://registry.yarnpkg.com/ansi-styles/-/ansi-styles-1.0.0.tgz#cb102df1c56f5123eab8b67cd7b98027a0279178"
  integrity sha1-yxAt8cVvUSPquLZ817mAJ6AnkXg=

any-promise@^1.1.0:
  version "1.3.0"
  resolved "https://registry.yarnpkg.com/any-promise/-/any-promise-1.3.0.tgz#abc6afeedcea52e809cdc0376aed3ce39635d17f"
  integrity sha1-q8av7tzqUugJzcA3au0845Y10X8=

argparse@^1.0.7:
  version "1.0.10"
  resolved "https://registry.yarnpkg.com/argparse/-/argparse-1.0.10.tgz#bcd6791ea5ae09725e17e5ad988134cd40b3d911"
  integrity sha512-o5Roy6tNG4SL/FOkCAN6RzjiakZS25RLYFrcMttJqbdd8BWrnA+fGz57iN5Pb06pvBGvl5gQ0B48dJlslXvoTg==
  dependencies:
    sprintf-js "~1.0.2"

"argparse@~ 0.1.11":
  version "0.1.16"
  resolved "https://registry.yarnpkg.com/argparse/-/argparse-0.1.16.tgz#cfd01e0fbba3d6caed049fbd758d40f65196f57c"
  integrity sha1-z9AeD7uj1srtBJ+9dY1A9lGW9Xw=
  dependencies:
    underscore "~1.7.0"
    underscore.string "~2.4.0"

array-differ@^0.1.0:
  version "0.1.0"
  resolved "https://registry.yarnpkg.com/array-differ/-/array-differ-0.1.0.tgz#12e2c9b706bed47c8b483b57e487473fb0861f3a"
  integrity sha1-EuLJtwa+1HyLSDtX5IdHP7CGHzo=

"array-flatten@>= 0.0.2":
  version "3.0.0"
  resolved "https://registry.yarnpkg.com/array-flatten/-/array-flatten-3.0.0.tgz#6428ca2ee52c7b823192ec600fa3ed2f157cd541"
  integrity sha512-zPMVc3ZYlGLNk4mpK1NzP2wg0ml9t7fUgDsayR5Y5rSzxQilzR9FGu/EH2jQOcKSAeAfWeylyW8juy3OkWRvNA==

array-slice@^0.2.2:
  version "0.2.3"
  resolved "https://registry.yarnpkg.com/array-slice/-/array-slice-0.2.3.tgz#dd3cfb80ed7973a75117cdac69b0b99ec86186f5"
  integrity sha1-3Tz7gO15c6dRF82sabC5nshhhvU=

array-union@^0.1.0:
  version "0.1.0"
  resolved "https://registry.yarnpkg.com/array-union/-/array-union-0.1.0.tgz#ede98088330665e699e1ebf0227cbc6034e627db"
  integrity sha1-7emAiDMGZeaZ4evwIny8YDTmJ9s=
  dependencies:
    array-uniq "^0.1.0"

array-uniq@^0.1.0:
  version "0.1.1"
  resolved "https://registry.yarnpkg.com/array-uniq/-/array-uniq-0.1.1.tgz#5861f3ed4e4bb6175597a4e078e8aa78ebe958c7"
  integrity sha1-WGHz7U5LthdVl6TgeOiqeOvpWMc=

arrayify-compact@^0.1.0:
  version "0.1.0"
  resolved "https://registry.yarnpkg.com/arrayify-compact/-/arrayify-compact-0.1.0.tgz#b86df4dadcfc236a4a404f0247940b7f73b3613e"
  integrity sha1-uG302tz8I2pKQE8CR5QLf3OzYT4=
  dependencies:
    array-flatten ">= 0.0.2"

async@^0.9.0:
  version "0.9.2"
  resolved "https://registry.yarnpkg.com/async/-/async-0.9.2.tgz#aea74d5e61c1f899613bf64bda66d4c78f2fd17d"
  integrity sha1-rqdNXmHB+JlhO/ZL2mbUx48v0X0=

async@~0.6.2:
  version "0.6.2"
  resolved "https://registry.yarnpkg.com/async/-/async-0.6.2.tgz#41fd038a3812c0a8bc1842ecf08ba63eb0392bef"
  integrity sha1-Qf0DijgSwKi8GELs8IumPrA5K+8=

balanced-match@^1.0.0:
  version "1.0.0"
  resolved "https://registry.yarnpkg.com/balanced-match/-/balanced-match-1.0.0.tgz#89b4d199ab2bee49de164ea02b89ce462d71b767"
  integrity sha1-ibTRmasr7kneFk6gK4nORi1xt2c=

bluebird@^3.5.5:
  version "3.7.2"
  resolved "https://registry.yarnpkg.com/bluebird/-/bluebird-3.7.2.tgz#9f229c15be272454ffa973ace0dbee79a1b0c36f"
  integrity sha512-XpNj6GDQzdfW+r2Wnn7xiSAd7TM3jzkxGXBGTtWKuSXv1xUV+azxAm8jdWZN06QTQk+2N2XB9jRDkvbmQmcRtg==

brace-expansion@^1.0.0, brace-expansion@^1.1.7:
  version "1.1.11"
  resolved "https://registry.yarnpkg.com/brace-expansion/-/brace-expansion-1.1.11.tgz#3c7fcbf529d87226f3d2f52b966ff5271eb441dd"
  integrity sha512-iCuPHDFgrHX7H2vEI/5xpz07zSHB00TpugqhmYtVmMO6518mCuRMoOYFldEBl0g187ufozdaHgWKcYFb61qGiA==
  dependencies:
    balanced-match "^1.0.0"
    concat-map "0.0.1"

bytes@3.1.0:
  version "3.1.0"
  resolved "https://registry.yarnpkg.com/bytes/-/bytes-3.1.0.tgz#f6cf7933a360e0588fa9fde85651cdc7f805d1f6"
  integrity sha512-zauLjrfCG+xvoyaqLoV8bLVXXNGC4JqlxFCutSDWA6fJrTo2ZuvLYTqZ7aHBLZSMOopbzwv8f+wZcVzfVTI2Dg==

cache-content-type@^1.0.0:
  version "1.0.1"
  resolved "https://registry.yarnpkg.com/cache-content-type/-/cache-content-type-1.0.1.tgz#035cde2b08ee2129f4a8315ea8f00a00dba1453c"
  integrity sha512-IKufZ1o4Ut42YUrZSo8+qnMTrFuKkvyoLXUywKz9GJ5BrhOFGhLdkx9sG4KAnVvbY6kEcSFjLQul+DVmBm2bgA==
  dependencies:
    mime-types "^2.1.18"
    ylru "^1.2.0"

chalk@~0.4.0:
  version "0.4.0"
  resolved "https://registry.yarnpkg.com/chalk/-/chalk-0.4.0.tgz#5199a3ddcd0c1efe23bc08c1b027b06176e0c64f"
  integrity sha1-UZmj3c0MHv4jvAjBsCewYXbgxk8=
  dependencies:
    ansi-styles "~1.0.0"
    has-color "~0.1.0"
    strip-ansi "~0.1.0"

cluster-key-slot@^1.1.0:
  version "1.1.0"
  resolved "https://registry.yarnpkg.com/cluster-key-slot/-/cluster-key-slot-1.1.0.tgz#30474b2a981fb12172695833052bc0d01336d10d"
  integrity sha512-2Nii8p3RwAPiFwsnZvukotvow2rIHM+yQ6ZcBXGHdniadkYGZYiGmkHJIbZPIV9nfv7m/U1IPMVVcAhoWFeklw==

co@^4.6.0:
  version "4.6.0"
  resolved "https://registry.yarnpkg.com/co/-/co-4.6.0.tgz#6ea6bdf3d853ae54ccb8e47bfa0bf3f9031fb184"
  integrity sha1-bqa989hTrlTMuOR7+gvz+QMfsYQ=

coffee-script@^1.8.0:
  version "1.12.7"
  resolved "https://registry.yarnpkg.com/coffee-script/-/coffee-script-1.12.7.tgz#c05dae0cb79591d05b3070a8433a98c9a89ccc53"
  integrity sha512-fLeEhqwymYat/MpTPUjSKHVYYl0ec2mOyALEMLmzr5i1isuG+6jfI2j2d5oBO3VIzgUXgBVIcOT9uH1TFxBckw==

compressible@^2.0.17:
  version "2.0.17"
  resolved "https://registry.yarnpkg.com/compressible/-/compressible-2.0.17.tgz#6e8c108a16ad58384a977f3a482ca20bff2f38c1"
  integrity sha512-BGHeLCK1GV7j1bSmQQAi26X+GgWcTjLr/0tzSvMCl3LH1w1IJ4PFSPoV5316b30cneTziC+B1a+3OjoSUcQYmw==
  dependencies:
    mime-db ">= 1.40.0 < 2"

concat-map@0.0.1:
  version "0.0.1"
  resolved "https://registry.yarnpkg.com/concat-map/-/concat-map-0.0.1.tgz#d8a96bd77fd68df7793a73036a3ba0d5405d477b"
  integrity sha1-2Klr13/Wjfd5OnMDajug1UBdR3s=

content-disposition@~0.5.2:
  version "0.5.3"
  resolved "https://registry.yarnpkg.com/content-disposition/-/content-disposition-0.5.3.tgz#e130caf7e7279087c5616c2007d0485698984fbd"
  integrity sha512-ExO0774ikEObIAEV9kDo50o+79VCUdEB6n6lzKgGwupcVeRlhrj3qGAfwq8G6uBJjkqLrhT0qEYFcWng8z1z0g==
  dependencies:
    safe-buffer "5.1.2"

content-type@^1.0.4:
  version "1.0.4"
  resolved "https://registry.yarnpkg.com/content-type/-/content-type-1.0.4.tgz#e138cc75e040c727b1966fe5e5f8c9aee256fe3b"
  integrity sha512-hIP3EEPs8tB9AT1L+NUqtwOAps4mk2Zob89MWXMHjHWg9milF/j4osnnQLXBCBFBk/tvIG/tUc9mOUJiPBhPXA==

cookies@~0.8.0:
  version "0.8.0"
  resolved "https://registry.yarnpkg.com/cookies/-/cookies-0.8.0.tgz#1293ce4b391740a8406e3c9870e828c4b54f3f90"
  integrity sha512-8aPsApQfebXnuI+537McwYsDtjVxGm8gTIzQI3FDW6t5t/DAhERxtnbEPN/8RX+uZthoz4eCOgloXaE5cYyNow==
  dependencies:
    depd "~2.0.0"
    keygrip "~1.1.0"

debug@^4.1.1:
  version "4.1.1"
  resolved "https://registry.yarnpkg.com/debug/-/debug-4.1.1.tgz#3b72260255109c6b589cee050f1d516139664791"
  integrity sha512-pYAIzeRo8J6KPEaJ0VWOh5Pzkbw/RetuzehGM7QRRX5he4fPHx2rdKMB256ehJCkX+XRQm16eZLqLNS8RSZXZw==
  dependencies:
    ms "^2.1.1"

debug@~3.1.0:
  version "3.1.0"
  resolved "https://registry.yarnpkg.com/debug/-/debug-3.1.0.tgz#5bb5a0672628b64149566ba16819e61518c67261"
  integrity sha512-OX8XqP7/1a9cqkxYw2yXss15f26NKWBpDXQd0/uK/KPqdQhxbPa994hnzjcE2VqQpDslf55723cKPUOGSmMY3g==
  dependencies:
    ms "2.0.0"

deep-equal@~1.0.1:
  version "1.0.1"
  resolved "https://registry.yarnpkg.com/deep-equal/-/deep-equal-1.0.1.tgz#f5d260292b660e084eff4cdbc9f08ad3247448b5"
  integrity sha1-9dJgKStmDghO/0zbyfCK0yR0SLU=

define-properties@^1.1.2, define-properties@^1.1.3:
  version "1.1.3"
  resolved "https://registry.yarnpkg.com/define-properties/-/define-properties-1.1.3.tgz#cf88da6cbee26fe6db7094f61d870cbd84cee9f1"
  integrity sha512-3MqfYKj2lLzdMSf8ZIZE/V+Zuy+BgD6f164e8K2w7dgnpKArBDerGYpM46IYYcjnkdPNMjPk9A6VFB8+3SKlXQ==
  dependencies:
    object-keys "^1.0.12"

delegates@^1.0.0:
  version "1.0.0"
  resolved "https://registry.yarnpkg.com/delegates/-/delegates-1.0.0.tgz#84c6e159b81904fdca59a0ef44cd870d31250f9a"
  integrity sha1-hMbhWbgZBP3KWaDvRM2HDTElD5o=

delete@^0.1.5:
  version "0.1.5"
  resolved "https://registry.yarnpkg.com/delete/-/delete-0.1.5.tgz#3ee65797f5bead71c82c8526562d6643759da9c3"
  integrity sha1-PuZXl/W+rXHILIUmVi1mQ3WdqcM=
  dependencies:
    is-path-cwd "^0.1.0"
    is-path-in-cwd "^0.1.1"
    rimraf "^2.2.8"

delims@^0.4.0:
  version "0.4.2"
  resolved "https://registry.yarnpkg.com/delims/-/delims-0.4.2.tgz#ce7f36c9cf709a9e244f83997aa91cb749b452a8"
  integrity sha1-zn82yc9wmp4kT4OZeqkct0m0Uqg=
  dependencies:
    arrayify-compact "^0.1.0"
    mixin-deep "^0.1.0"
    object-pick "^0.1.1"

delims@~0.1.4:
  version "0.1.4"
  resolved "https://registry.yarnpkg.com/delims/-/delims-0.1.4.tgz#21fe846f16a4056af871a64861a1e160f1a041f7"
  integrity sha1-If6EbxakBWr4caZIYaHhYPGgQfc=
  dependencies:
    lodash "~2.4.1"

denque@^1.1.0:
  version "1.4.1"
  resolved "https://registry.yarnpkg.com/denque/-/denque-1.4.1.tgz#6744ff7641c148c3f8a69c307e51235c1f4a37cf"
  integrity sha512-OfzPuSZKGcgr96rf1oODnfjqBFmr1DVoc/TrItj3Ohe0Ah1C5WX5Baquw/9U9KovnQ88EqmJbD66rKYUQYN1tQ==

depd@^1.1.2, depd@~1.1.2:
  version "1.1.2"
  resolved "https://registry.yarnpkg.com/depd/-/depd-1.1.2.tgz#9bcd52e14c097763e749b274c4346ed2e560b5a9"
  integrity sha1-m81S4UwJd2PnSbJ0xDRu0uVgtak=

depd@~2.0.0:
  version "2.0.0"
  resolved "https://registry.yarnpkg.com/depd/-/depd-2.0.0.tgz#b696163cc757560d09cf22cc8fad1571b79e76df"
  integrity sha512-g7nH6P6dyDioJogAAGprGpCtVImJhpPk/roCzdb3fIh61/s/nPsfR6onyMwkCAR/OlC3yBC0lESvUoQEAssIrw==

destroy@^1.0.4:
  version "1.0.4"
  resolved "https://registry.yarnpkg.com/destroy/-/destroy-1.0.4.tgz#978857442c44749e4206613e37946205826abd80"
  integrity sha1-l4hXRCxEdJ5CBmE+N5RiBYJqvYA=

ee-first@1.1.1:
  version "1.1.1"
  resolved "https://registry.yarnpkg.com/ee-first/-/ee-first-1.1.1.tgz#590c61156b0ae2f4f0255732a158b266bc56b21d"
  integrity sha1-WQxhFWsK4vTwJVcyoViyZrxWsh0=

ejs@^2.7.1:
  version "2.7.4"
  resolved "https://registry.yarnpkg.com/ejs/-/ejs-2.7.4.tgz#48661287573dcc53e366c7a1ae52c3a120eec9ba"
  integrity sha512-7vmuyh5+kuUyJKePhQfRQBhXV5Ce+RnaeeQArKu1EAMpL3WbgMt5WG6uQZpEVvYSSsxMXRKOewtDk9RaTKXRlA==

encodeurl@^1.0.2:
  version "1.0.2"
  resolved "https://registry.yarnpkg.com/encodeurl/-/encodeurl-1.0.2.tgz#ad3ff4c86ec2d029322f5a02c3a9a606c95b3f59"
  integrity sha1-rT/0yG7C0CkyL1oCw6mmBslbP1k=

error-inject@^1.0.0:
  version "1.0.0"
  resolved "https://registry.yarnpkg.com/error-inject/-/error-inject-1.0.0.tgz#e2b3d91b54aed672f309d950d154850fa11d4f37"
  integrity sha1-4rPZG1Su1nLzCdlQ0VSFD6EdTzc=

es-abstract@^1.5.1:
  version "1.16.2"
  resolved "https://registry.yarnpkg.com/es-abstract/-/es-abstract-1.16.2.tgz#4e874331645e9925edef141e74fc4bd144669d34"
  integrity sha512-jYo/J8XU2emLXl3OLwfwtuFfuF2w6DYPs+xy9ZfVyPkDcrauu6LYrw/q2TyCtrbc/KUdCiC5e9UajRhgNkVopA==
  dependencies:
    es-to-primitive "^1.2.1"
    function-bind "^1.1.1"
    has "^1.0.3"
    has-symbols "^1.0.1"
    is-callable "^1.1.4"
    is-regex "^1.0.4"
    object-inspect "^1.7.0"
    object-keys "^1.1.1"
    string.prototype.trimleft "^2.1.0"
    string.prototype.trimright "^2.1.0"

es-to-primitive@^1.2.1:
  version "1.2.1"
  resolved "https://registry.yarnpkg.com/es-to-primitive/-/es-to-primitive-1.2.1.tgz#e55cd4c9cdc188bcefb03b366c736323fc5c898a"
  integrity sha512-QCOllgZJtaUo9miYBcLChTUaHNjJF3PYs1VidD7AwiEj1kYxKeQTctLAezAOH5ZKRH0g2IgPn6KwB4IT8iRpvA==
  dependencies:
    is-callable "^1.1.4"
    is-date-object "^1.0.1"
    is-symbol "^1.0.2"

escape-html@^1.0.3:
  version "1.0.3"
  resolved "https://registry.yarnpkg.com/escape-html/-/escape-html-1.0.3.tgz#0258eae4d3d0c0974de1c169188ef0051d1d1988"
  integrity sha1-Aljq5NPQwJdN4cFpGI7wBR0dGYg=

esprima@^4.0.0:
  version "4.0.1"
  resolved "https://registry.yarnpkg.com/esprima/-/esprima-4.0.1.tgz#13b04cdb3e6c5d19df91ab6987a8695619b0aa71"
  integrity sha512-eGuFFw7Upda+g4p+QHvnW0RyTX/SVeJBDM/gCtMARO0cLuT2HcEKnTPvhjV6aGeqrCB/sbNop0Kszm0jsaWU4A==

"esprima@~ 1.0.2":
  version "1.0.4"
  resolved "https://registry.yarnpkg.com/esprima/-/esprima-1.0.4.tgz#9f557e08fc3b4d26ece9dd34f8fbf476b62585ad"
  integrity sha1-n1V+CPw7TSbs6d00+Pv0drYlha0=

extend-shallow@^0.1.0:
  version "0.1.1"
  resolved "https://registry.yarnpkg.com/extend-shallow/-/extend-shallow-0.1.1.tgz#913c08db4887d3297dc762df8b5815757f56ddf3"
  integrity sha1-kTwI20iH0yl9x2Lfi1gVdX9W3fM=
  dependencies:
    array-slice "^0.2.2"

for-in@^1.0.1:
  version "1.0.2"
  resolved "https://registry.yarnpkg.com/for-in/-/for-in-1.0.2.tgz#81068d295a8142ec0ac726c6e2200c30fb6d5e80"
  integrity sha1-gQaNKVqBQuwKxybG4iAMMPttXoA=

for-own@^0.1.1:
  version "0.1.5"
  resolved "https://registry.yarnpkg.com/for-own/-/for-own-0.1.5.tgz#5265c681a4f294dabbf17c9509b6763aa84510ce"
  integrity sha1-UmXGgaTylNq78XyVCbZ2OqhFEM4=
  dependencies:
    for-in "^1.0.1"

formidable@^1.2.1:
  version "1.2.1"
  resolved "https://registry.yarnpkg.com/formidable/-/formidable-1.2.1.tgz#70fb7ca0290ee6ff961090415f4b3df3d2082659"
  integrity sha512-Fs9VRguL0gqGHkXS5GQiMCr1VhZBxz0JnJs4JmMp/2jL18Fmbzvv7vOFRU+U8TBkHEE/CX1qDXzJplVULgsLeg==

fresh@~0.5.2:
  version "0.5.2"
  resolved "https://registry.yarnpkg.com/fresh/-/fresh-0.5.2.tgz#3d8cadd90d976569fa835ab1f8e4b23a105605a7"
  integrity sha1-PYyt2Q2XZWn6g1qx+OSyOhBWBac=

fs-utils@^0.5.0:
  version "0.5.0"
  resolved "https://registry.yarnpkg.com/fs-utils/-/fs-utils-0.5.0.tgz#171bb985501ec9bcb662bf62c9916c9aadeace24"
  integrity sha1-Fxu5hVAeyby2Yr9iyZFsmq3qziQ=
  dependencies:
    async "^0.9.0"
    delete "^0.1.5"
    extend-shallow "^0.1.0"
    globby "^0.1.1"
    graceful-fs "^3.0.2"
    is-absolute "^0.1.5"
    js-yaml "^3.2.2"
    kind-of "^0.1.0"
    relative "^0.1.6"

fs-utils@~0.4.1:
  version "0.4.3"
  resolved "https://registry.yarnpkg.com/fs-utils/-/fs-utils-0.4.3.tgz#641766fe5415d116441dec647698c13d6cf9cf77"
  integrity sha1-ZBdm/lQV0RZEHexkdpjBPWz5z3c=
  dependencies:
    async "~0.6.2"
    globule "~0.2.0"
    graceful-fs "~2.0.3"
    js-yaml "~3.0.2"
    lodash "~2.4.1"
    mkdirp "~0.3.5"
    rimraf "~2.2.6"

fs.realpath@^1.0.0:
  version "1.0.0"
  resolved "https://registry.yarnpkg.com/fs.realpath/-/fs.realpath-1.0.0.tgz#1504ad2523158caa40db4a2787cb01411994ea4f"
  integrity sha1-FQStJSMVjKpA20onh8sBQRmU6k8=

function-bind@^1.1.1:
  version "1.1.1"
  resolved "https://registry.yarnpkg.com/function-bind/-/function-bind-1.1.1.tgz#a56899d3ea3c9bab874bb9773b7c5ede92f4895d"
  integrity sha512-yIovAzMX49sF8Yl58fSCWJ5svSLuaibPxXQJFLmBObTuCr0Mf1KiPopGM9NiFjiYBCbfaa2Fh6breQ6ANVTI0A==

generic-pool@^3.7.1:
  version "3.7.1"
  resolved "https://registry.yarnpkg.com/generic-pool/-/generic-pool-3.7.1.tgz#36fe5bb83e7e0e032e5d32cd05dc00f5ff119aa8"
  integrity sha512-ug6DAZoNgWm6q5KhPFA+hzXfBLFQu5sTXxPpv44DmE0A2g+CiHoq9LTVdkXpZMkYVMoGw83F6W+WT0h0MFMK/w==

glob@^4.0.2:
  version "4.5.3"
  resolved "https://registry.yarnpkg.com/glob/-/glob-4.5.3.tgz#c6cb73d3226c1efef04de3c56d012f03377ee15f"
  integrity sha1-xstz0yJsHv7wTePFbQEvAzd+4V8=
  dependencies:
    inflight "^1.0.4"
    inherits "2"
    minimatch "^2.0.1"
    once "^1.3.0"

glob@^7.1.3:
  version "7.1.6"
  resolved "https://registry.yarnpkg.com/glob/-/glob-7.1.6.tgz#141f33b81a7c2492e125594307480c46679278a6"
  integrity sha512-LwaxwyZ72Lk7vZINtNNrywX0ZuLyStrdDtabefZKAY5ZGJhVtgdznluResxNmPitE0SAO+O26sWTHeKSI2wMBA==
  dependencies:
    fs.realpath "^1.0.0"
    inflight "^1.0.4"
    inherits "2"
    minimatch "^3.0.4"
    once "^1.3.0"
    path-is-absolute "^1.0.0"

glob@~3.2.7:
  version "3.2.11"
  resolved "https://registry.yarnpkg.com/glob/-/glob-3.2.11.tgz#4a973f635b9190f715d10987d5c00fd2815ebe3d"
  integrity sha1-Spc/Y1uRkPcV0QmH1cAP0oFevj0=
  dependencies:
    inherits "2"
    minimatch "0.3"

globby@^0.1.1:
  version "0.1.1"
  resolved "https://registry.yarnpkg.com/globby/-/globby-0.1.1.tgz#cbec63df724b4bea458b79a16cc0e3b1f2ca8620"
  integrity sha1-y+xj33JLS+pFi3mhbMDjsfLKhiA=
  dependencies:
    array-differ "^0.1.0"
    array-union "^0.1.0"
    async "^0.9.0"
    glob "^4.0.2"

globule@~0.2.0:
  version "0.2.0"
  resolved "https://registry.yarnpkg.com/globule/-/globule-0.2.0.tgz#26b64d10e1edcab6098d8fe00bd2b73cca08a8fb"
  integrity sha1-JrZNEOHtyrYJjY/gC9K3PMoIqPs=
  dependencies:
    glob "~3.2.7"
    lodash "~2.4.1"
    minimatch "~0.2.11"

graceful-fs@^3.0.2:
  version "3.0.12"
  resolved "https://registry.yarnpkg.com/graceful-fs/-/graceful-fs-3.0.12.tgz#0034947ce9ed695ec8ab0b854bc919e82b1ffaef"
  integrity sha512-J55gaCS4iTTJfTXIxSVw3EMQckcqkpdRv3IR7gu6sq0+tbC363Zx6KH/SEwXASK9JRbhyZmVjJEVJIOxYsB3Qg==
  dependencies:
    natives "^1.1.3"

graceful-fs@^4.2.3:
  version "4.2.3"
  resolved "https://registry.yarnpkg.com/graceful-fs/-/graceful-fs-4.2.3.tgz#4a12ff1b60376ef09862c2093edd908328be8423"
  integrity sha512-a30VEBm4PEdx1dRB7MFK7BejejvCvBronbLjht+sHuGYj8PHs7M/5Z+rt5lw551vZ7yfTCj4Vuyy3mSJytDWRQ==

graceful-fs@~2.0.3:
  version "2.0.3"
  resolved "https://registry.yarnpkg.com/graceful-fs/-/graceful-fs-2.0.3.tgz#7cd2cdb228a4a3f36e95efa6cc142de7d1a136d0"
  integrity sha1-fNLNsiiko/Nule+mzBQt59GhNtA=

gray-matter@^0.5.1:
  version "0.5.3"
  resolved "https://registry.yarnpkg.com/gray-matter/-/gray-matter-0.5.3.tgz#7655233bbf6ff667164e4f657a2e64dea0d9ad3b"
  integrity sha1-dlUjO79v9mcWTk9lei5k3qDZrTs=
  dependencies:
    coffee-script "^1.8.0"
    delims "^0.4.0"
    js-yaml "^3.2.2"
    lodash "^2.4.1"
    mixin-deep "^0.1.0"
    toml "^2.0.6"
    verbalize "^0.1.2"

has-color@~0.1.0:
  version "0.1.7"
  resolved "https://registry.yarnpkg.com/has-color/-/has-color-0.1.7.tgz#67144a5260c34fc3cca677d041daf52fe7b78b2f"
  integrity sha1-ZxRKUmDDT8PMpnfQQdr1L+e3iy8=

has-symbols@^1.0.1:
  version "1.0.1"
  resolved "https://registry.yarnpkg.com/has-symbols/-/has-symbols-1.0.1.tgz#9f5214758a44196c406d9bd76cebf81ec2dd31e8"
  integrity sha512-PLcsoqu++dmEIZB+6totNFKq/7Do+Z0u4oT0zKOJNl3lYK6vGwwu2hjHs+68OEZbTjiUE9bgOABXbP/GvrS0Kg==

has@^1.0.1, has@^1.0.3:
  version "1.0.3"
  resolved "https://registry.yarnpkg.com/has/-/has-1.0.3.tgz#722d7cbfc1f6aa8241f16dd814e011e1f41e8796"
  integrity sha512-f2dvO0VU6Oej7RkWJGrehjbzMAjFp5/VKPp5tTpWIV4JHHZK1/BxbFRtf/siA2SWTe09caDmVtYYzWEIbBS4zw==
  dependencies:
    function-bind "^1.1.1"

highlight.js@^10.4.1:
  version "10.4.1"
  resolved "https://registry.yarnpkg.com/highlight.js/-/highlight.js-10.4.1.tgz#d48fbcf4a9971c4361b3f95f302747afe19dbad0"
  integrity sha512-yR5lWvNz7c85OhVAEAeFhVCc/GV4C30Fjzc/rCP0aCWzc1UUOPUk55dK/qdwTZHBvMZo+eZ2jpk62ndX/xMFlg==

http-assert@^1.3.0:
  version "1.4.1"
  resolved "https://registry.yarnpkg.com/http-assert/-/http-assert-1.4.1.tgz#c5f725d677aa7e873ef736199b89686cceb37878"
  integrity sha512-rdw7q6GTlibqVVbXr0CKelfV5iY8G2HqEUkhSk297BMbSpSL8crXC+9rjKoMcZZEsksX30le6f/4ul4E28gegw==
  dependencies:
    deep-equal "~1.0.1"
    http-errors "~1.7.2"

http-errors@1.7.3, http-errors@^1.6.3, http-errors@^1.7.3, http-errors@~1.7.2:
  version "1.7.3"
  resolved "https://registry.yarnpkg.com/http-errors/-/http-errors-1.7.3.tgz#6c619e4f9c60308c38519498c14fbb10aacebb06"
  integrity sha512-ZTTX0MWrsQ2ZAhA1cejAwDLycFsd7I7nVtnkT3Ol0aqodaKW+0CTZDQ1uBv5whptCnc8e8HeRRJxRs0kmm/Qfw==
  dependencies:
    depd "~1.1.2"
    inherits "2.0.4"
    setprototypeof "1.1.1"
    statuses ">= 1.5.0 < 2"
    toidentifier "1.0.0"

iconv-lite@0.4.24:
  version "0.4.24"
  resolved "https://registry.yarnpkg.com/iconv-lite/-/iconv-lite-0.4.24.tgz#2022b4b25fbddc21d2f524974a474aafe733908b"
  integrity sha512-v3MXnZAcvnywkTUEZomIActle7RXXeedOR31wwl7VlyoXO4Qi9arvSenNQWne1TcRwhCL1HwLI21bEqdpj8/rA==
  dependencies:
    safer-buffer ">= 2.1.2 < 3"

inflation@^2.0.0:
  version "2.0.0"
  resolved "https://registry.yarnpkg.com/inflation/-/inflation-2.0.0.tgz#8b417e47c28f925a45133d914ca1fd389107f30f"
  integrity sha1-i0F+R8KPklpFEz2RTKH9OJEH8w8=

inflight@^1.0.4:
  version "1.0.6"
  resolved "https://registry.yarnpkg.com/inflight/-/inflight-1.0.6.tgz#49bd6331d7d02d0c09bc910a1075ba8165b56df9"
  integrity sha1-Sb1jMdfQLQwJvJEKEHW6gWW1bfk=
  dependencies:
    once "^1.3.0"
    wrappy "1"

inherits@2, inherits@2.0.4:
  version "2.0.4"
  resolved "https://registry.yarnpkg.com/inherits/-/inherits-2.0.4.tgz#0fa2c64f932917c3433a0ded55363aae37416b7c"
  integrity sha512-k/vGaX4/Yla3WzyMCvTQOXYeIHvqOKtnqBduzTHpzpQZzAskKMhZ2K+EnBiSM9zGSoIFeMpXKxa4dYeZIQqewQ==

ioredis@^4.14.1:
  version "4.14.1"
  resolved "https://registry.yarnpkg.com/ioredis/-/ioredis-4.14.1.tgz#b73ded95fcf220f106d33125a92ef6213aa31318"
  integrity sha512-94W+X//GHM+1GJvDk6JPc+8qlM7Dul+9K+lg3/aHixPN7ZGkW6qlvX0DG6At9hWtH2v3B32myfZqWoANUJYGJA==
  dependencies:
    cluster-key-slot "^1.1.0"
    debug "^4.1.1"
    denque "^1.1.0"
    lodash.defaults "^4.2.0"
    lodash.flatten "^4.4.0"
    redis-commands "1.5.0"
    redis-errors "^1.2.0"
    redis-parser "^3.0.0"
    standard-as-callback "^2.0.1"

is-absolute@^0.1.5:
  version "0.1.7"
  resolved "https://registry.yarnpkg.com/is-absolute/-/is-absolute-0.1.7.tgz#847491119fccb5fb436217cc737f7faad50f603f"
  integrity sha1-hHSREZ/MtftDYhfMc39/qtUPYD8=
  dependencies:
    is-relative "^0.1.0"

is-callable@^1.1.4:
  version "1.1.4"
  resolved "https://registry.yarnpkg.com/is-callable/-/is-callable-1.1.4.tgz#1e1adf219e1eeb684d691f9d6a05ff0d30a24d75"
  integrity sha512-r5p9sxJjYnArLjObpjA4xu5EKI3CuKHkJXMhT7kwbpUyIFD1n5PMAsoPvWnvtZiNz7LjkYDRZhd7FlI0eMijEA==

is-date-object@^1.0.1:
  version "1.0.1"
  resolved "https://registry.yarnpkg.com/is-date-object/-/is-date-object-1.0.1.tgz#9aa20eb6aeebbff77fbd33e74ca01b33581d3a16"
  integrity sha1-mqIOtq7rv/d/vTPnTKAbM1gdOhY=

is-generator-function@^1.0.7:
  version "1.0.7"
  resolved "https://registry.yarnpkg.com/is-generator-function/-/is-generator-function-1.0.7.tgz#d2132e529bb0000a7f80794d4bdf5cd5e5813522"
  integrity sha512-YZc5EwyO4f2kWCax7oegfuSr9mFz1ZvieNYBEjmukLxgXfBUbxAWGVF7GZf0zidYtoBl3WvC07YK0wT76a+Rtw==

is-path-cwd@^0.1.0:
  version "0.1.0"
  resolved "https://registry.yarnpkg.com/is-path-cwd/-/is-path-cwd-0.1.0.tgz#df3c09a7cab10bd40b9d1cdfae485bd882d4b1ab"
  integrity sha1-3zwJp8qxC9QLnRzfrkhb2ILUsas=

is-path-in-cwd@^0.1.1:
  version "0.1.1"
  resolved "https://registry.yarnpkg.com/is-path-in-cwd/-/is-path-in-cwd-0.1.1.tgz#aa91ec89e13d63e3efc6847cac4cf29c99f92465"
  integrity sha1-qpHsieE9Y+PvxoR8rEzynJn5JGU=
  dependencies:
    is-path-inside "^0.1.0"

is-path-inside@^0.1.0:
  version "0.1.0"
  resolved "https://registry.yarnpkg.com/is-path-inside/-/is-path-inside-0.1.0.tgz#80a5625e69ec88acd0ebe7bc06ecb89a1438de94"
  integrity sha1-gKViXmnsiKzQ6+e8Buy4mhQ43pQ=
  dependencies:
    path-is-inside "^1.0.1"

is-plain-object@^0.1.0:
  version "0.1.0"
  resolved "https://registry.yarnpkg.com/is-plain-object/-/is-plain-object-0.1.0.tgz#3ca7db022de72fd12007f1957beb59ea596b979c"
  integrity sha1-PKfbAi3nL9EgB/GVe+tZ6llrl5w=

is-regex@^1.0.4:
  version "1.0.4"
  resolved "https://registry.yarnpkg.com/is-regex/-/is-regex-1.0.4.tgz#5517489b547091b0930e095654ced25ee97e9491"
  integrity sha1-VRdIm1RwkbCTDglWVM7SXul+lJE=
  dependencies:
    has "^1.0.1"

is-relative@^0.1.0:
  version "0.1.3"
  resolved "https://registry.yarnpkg.com/is-relative/-/is-relative-0.1.3.tgz#905fee8ae86f45b3ec614bc3c15c869df0876e82"
  integrity sha1-kF/uiuhvRbPsYUvDwVyGnfCHboI=

is-symbol@^1.0.2:
  version "1.0.3"
  resolved "https://registry.yarnpkg.com/is-symbol/-/is-symbol-1.0.3.tgz#38e1014b9e6329be0de9d24a414fd7441ec61937"
  integrity sha512-OwijhaRSgqvhm/0ZdAcXNZt9lYdKFpcRDT5ULUuYXPoT794UNOdU+gpT6Rzo7b4V2HUl/op6GqY894AZwv9faQ==
  dependencies:
    has-symbols "^1.0.1"

js-yaml@^3.2.2:
  version "3.13.1"
  resolved "https://registry.yarnpkg.com/js-yaml/-/js-yaml-3.13.1.tgz#aff151b30bfdfa8e49e05da22e7415e9dfa37847"
  integrity sha512-YfbcO7jXDdyj0DGxYVSlSeQNHbD7XPWvrVWeVUujrQEoZzWJIRrCPoyk6kL6IAjAG2IolMK4T0hNUe0HOUs5Jw==
  dependencies:
    argparse "^1.0.7"
    esprima "^4.0.0"

js-yaml@~3.0.2:
  version "3.0.2"
  resolved "https://registry.yarnpkg.com/js-yaml/-/js-yaml-3.0.2.tgz#9937865f8e897a5e894e73c2c5cf2e89b32eb771"
  integrity sha1-mTeGX46Jel6JTnPCxc8uibMut3E=
  dependencies:
    argparse "~ 0.1.11"
    esprima "~ 1.0.2"

keygrip@~1.1.0:
  version "1.1.0"
  resolved "https://registry.yarnpkg.com/keygrip/-/keygrip-1.1.0.tgz#871b1681d5e159c62a445b0c74b615e0917e7226"
  integrity sha512-iYSchDJ+liQ8iwbSI2QqsQOvqv58eJCEanyJPJi+Khyu8smkcKSFUCbPwzFcL7YVtZ6eONjqRX/38caJ7QjRAQ==
  dependencies:
    tsscmp "1.0.6"

kind-of@^0.1.0:
  version "0.1.2"
  resolved "https://registry.yarnpkg.com/kind-of/-/kind-of-0.1.2.tgz#07bd601cc9433f5d79bd5edd2031ed155f0604a4"
  integrity sha1-B71gHMlDP115vV7dIDHtFV8GBKQ=

koa-compose@^3.0.0:
  version "3.2.1"
  resolved "https://registry.yarnpkg.com/koa-compose/-/koa-compose-3.2.1.tgz#a85ccb40b7d986d8e5a345b3a1ace8eabcf54de7"
  integrity sha1-qFzLQLfZhtjlo0Wzoazo6rz1Tec=
  dependencies:
    any-promise "^1.1.0"

koa-compose@^4.1.0:
  version "4.1.0"
  resolved "https://registry.yarnpkg.com/koa-compose/-/koa-compose-4.1.0.tgz#507306b9371901db41121c812e923d0d67d3e877"
  integrity sha512-8ODW8TrDuMYvXRwra/Kh7/rJo9BtOfPc6qO8eAfC80CnCvSjSl0bkRM24X6/XBBEyj0v1nRUQ1LyOy3dbqOWXw==

koa-convert@^1.2.0:
  version "1.2.0"
  resolved "https://registry.yarnpkg.com/koa-convert/-/koa-convert-1.2.0.tgz#da40875df49de0539098d1700b50820cebcd21d0"
  integrity sha1-2kCHXfSd4FOQmNFwC1CCDOvNIdA=
  dependencies:
    co "^4.6.0"
    koa-compose "^3.0.0"

koa@^2.10.0:
  version "2.11.0"
  resolved "https://registry.yarnpkg.com/koa/-/koa-2.11.0.tgz#fe5a51c46f566d27632dd5dc8fd5d7dd44f935a4"
  integrity sha512-EpR9dElBTDlaDgyhDMiLkXrPwp6ZqgAIBvhhmxQ9XN4TFgW+gEz6tkcsNI6BnUbUftrKDjVFj4lW2/J2aNBMMA==
  dependencies:
    accepts "^1.3.5"
    cache-content-type "^1.0.0"
    content-disposition "~0.5.2"
    content-type "^1.0.4"
    cookies "~0.8.0"
    debug "~3.1.0"
    delegates "^1.0.0"
    depd "^1.1.2"
    destroy "^1.0.4"
    encodeurl "^1.0.2"
    error-inject "^1.0.0"
    escape-html "^1.0.3"
    fresh "~0.5.2"
    http-assert "^1.3.0"
    http-errors "^1.6.3"
    is-generator-function "^1.0.7"
    koa-compose "^4.1.0"
    koa-convert "^1.2.0"
    on-finished "^2.3.0"
    only "~0.0.2"
    parseurl "^1.3.2"
    statuses "^1.5.0"
    type-is "^1.6.16"
    vary "^1.1.2"

lodash.defaults@^4.2.0:
  version "4.2.0"
  resolved "https://registry.yarnpkg.com/lodash.defaults/-/lodash.defaults-4.2.0.tgz#d09178716ffea4dde9e5fb7b37f6f0802274580c"
  integrity sha1-0JF4cW/+pN3p5ft7N/bwgCJ0WAw=

lodash.flatten@^4.4.0:
  version "4.4.0"
  resolved "https://registry.yarnpkg.com/lodash.flatten/-/lodash.flatten-4.4.0.tgz#f31c22225a9632d2bbf8e4addbef240aa765a61f"
  integrity sha1-8xwiIlqWMtK7+OSt2+8kCqdlph8=

lodash@^2.4.1, lodash@~2.4.1:
  version "2.4.2"
  resolved "https://registry.yarnpkg.com/lodash/-/lodash-2.4.2.tgz#fadd834b9683073da179b3eae6d9c0d15053f73e"
  integrity sha1-+t2DS5aDBz2hebPq5tnA0VBT9z4=

lodash@^4.17.15:
  version "4.17.15"
  resolved "https://registry.yarnpkg.com/lodash/-/lodash-4.17.15.tgz#b447f6670a0455bbfeedd11392eff330ea097548"
  integrity sha512-8xOcRHvCjnocdS5cpwXQXVzmmh5e5+saE2QGoeQmbKmRS6J3VQppPOIt0MnmE+4xlZoumy0GPG0D0MVIQbNA1A==

lru-cache@2:
  version "2.7.3"
  resolved "https://registry.yarnpkg.com/lru-cache/-/lru-cache-2.7.3.tgz#6d4524e8b955f95d4f5b58851ce21dd72fb4e952"
  integrity sha1-bUUk6LlV+V1PW1iFHOId1y+06VI=

marked-toc@^0.3.0:
  version "0.3.0"
  resolved "https://registry.yarnpkg.com/marked-toc/-/marked-toc-0.3.0.tgz#079a8a8da4bf76c62eff9bfabbf53fb33443837a"
  integrity sha1-B5qKjaS/dsYu/5v6u/U/szRDg3o=
  dependencies:
    fs-utils "^0.5.0"
    gray-matter "^0.5.1"
    lodash "~2.4.1"
    marked "0.3.0"
    template "~0.1.6"
    uslug "~1.0.3"

marked@0.3.0:
  version "0.3.0"
  resolved "https://registry.yarnpkg.com/marked/-/marked-0.3.0.tgz#5f93791a553b2d073c117edbc53747865cf14168"
  integrity sha1-X5N5GlU7LQc8EX7bxTdHhlzxQWg=

marked@^0.7.0:
  version "0.7.0"
  resolved "https://registry.yarnpkg.com/marked/-/marked-0.7.0.tgz#b64201f051d271b1edc10a04d1ae9b74bb8e5c0e"
  integrity sha512-c+yYdCZJQrsRjTPhUx7VKkApw9bwDkNbHUKo1ovgcfDjb2kc8rLuRbIFyXL5WOEUwzSSKo3IXpph2K6DqB/KZg==

media-typer@0.3.0:
  version "0.3.0"
  resolved "https://registry.yarnpkg.com/media-typer/-/media-typer-0.3.0.tgz#8710d7af0aa626f8fffa1ce00168545263255748"
  integrity sha1-hxDXrwqmJvj/+hzgAWhUUmMlV0g=

mime-db@1.42.0, "mime-db@>= 1.40.0 < 2":
  version "1.42.0"
  resolved "https://registry.yarnpkg.com/mime-db/-/mime-db-1.42.0.tgz#3e252907b4c7adb906597b4b65636272cf9e7bac"
  integrity sha512-UbfJCR4UAVRNgMpfImz05smAXK7+c+ZntjaA26ANtkXLlOe947Aag5zdIcKQULAiF9Cq4WxBi9jUs5zkA84bYQ==

mime-types@^2.1.18, mime-types@^2.1.24, mime-types@~2.1.24:
  version "2.1.25"
  resolved "https://registry.yarnpkg.com/mime-types/-/mime-types-2.1.25.tgz#39772d46621f93e2a80a856c53b86a62156a6437"
  integrity sha512-5KhStqB5xpTAeGqKBAMgwaYMnQik7teQN4IAzC7npDv6kzeU6prfkR67bc87J1kWMPGkoaZSq1npmexMgkmEVg==
  dependencies:
    mime-db "1.42.0"

minimatch@0.3:
  version "0.3.0"
  resolved "https://registry.yarnpkg.com/minimatch/-/minimatch-0.3.0.tgz#275d8edaac4f1bb3326472089e7949c8394699dd"
  integrity sha1-J12O2qxPG7MyZHIInnlJyDlGmd0=
  dependencies:
    lru-cache "2"
    sigmund "~1.0.0"

minimatch@3.0.4, minimatch@^3.0.4:
  version "3.0.4"
  resolved "https://registry.yarnpkg.com/minimatch/-/minimatch-3.0.4.tgz#5166e286457f03306064be5497e8dbb0c3d32083"
  integrity sha512-yJHVQEhyqPLUTgt9B83PXu6W3rx4MvvHvSUvToogpwoGDOUQ+yDrR0HRot+yOCdCO7u4hX3pWft6kWBBcqh0UA==
  dependencies:
    brace-expansion "^1.1.7"

minimatch@^2.0.1:
  version "2.0.10"
  resolved "https://registry.yarnpkg.com/minimatch/-/minimatch-2.0.10.tgz#8d087c39c6b38c001b97fca7ce6d0e1e80afbac7"
  integrity sha1-jQh8OcazjAAbl/ynzm0OHoCvusc=
  dependencies:
    brace-expansion "^1.0.0"

minimatch@~0.2.11:
  version "0.2.14"
  resolved "https://registry.yarnpkg.com/minimatch/-/minimatch-0.2.14.tgz#c74e780574f63c6f9a090e90efbe6ef53a6a756a"
  integrity sha1-x054BXT2PG+aCQ6Q775u9TpqdWo=
  dependencies:
    lru-cache "2"
    sigmund "~1.0.0"

mixin-deep@^0.1.0:
  version "0.1.0"
  resolved "https://registry.yarnpkg.com/mixin-deep/-/mixin-deep-0.1.0.tgz#2cc75d77097f309e9d46ed931e5d4c038485f9a8"
  integrity sha1-LMdddwl/MJ6dRu2THl1MA4SF+ag=
  dependencies:
    for-own "^0.1.1"
    is-plain-object "^0.1.0"

mkdirp@~0.3.5:
  version "0.3.5"
  resolved "https://registry.yarnpkg.com/mkdirp/-/mkdirp-0.3.5.tgz#de3e5f8961c88c787ee1368df849ac4413eca8d7"
  integrity sha1-3j5fiWHIjHh+4TaN+EmsRBPsqNc=

ms@2.0.0:
  version "2.0.0"
  resolved "https://registry.yarnpkg.com/ms/-/ms-2.0.0.tgz#5608aeadfc00be6c2901df5f9861788de0d597c8"
  integrity sha1-VgiurfwAvmwpAd9fmGF4jeDVl8g=

ms@^2.1.1:
  version "2.1.2"
  resolved "https://registry.yarnpkg.com/ms/-/ms-2.1.2.tgz#d09d1f357b443f493382a8eb3ccd183872ae6009"
  integrity sha512-sGkPx+VjMtmA6MX27oA4FBFELFCZZ4S4XqeGOXCv68tT+jb3vk/RyaKWP0PTKyWtmLSM0b+adUTEvbs1PEaH2w==

natives@^1.1.3:
  version "1.1.6"
  resolved "https://registry.yarnpkg.com/natives/-/natives-1.1.6.tgz#a603b4a498ab77173612b9ea1acdec4d980f00bb"
  integrity sha512-6+TDFewD4yxY14ptjKaS63GVdtKiES1pTPyxn9Jb0rBqPMZ7VcCiooEhPNsr+mqHtMGxa/5c/HhcC4uPEUw/nA==

negotiator@0.6.2:
  version "0.6.2"
  resolved "https://registry.yarnpkg.com/negotiator/-/negotiator-0.6.2.tgz#feacf7ccf525a77ae9634436a64883ffeca346fb"
  integrity sha512-hZXc7K2e+PgeI1eDBe/10Ard4ekbfrrqG8Ep+8Jmf4JID2bNg7NvCPOZN+kfF574pFQI7mum2AUqDidoKqcTOw==

normalize-path@^0.1.1:
  version "0.1.1"
  resolved "https://registry.yarnpkg.com/normalize-path/-/normalize-path-0.1.1.tgz#6c701248fdb9896d1fee1aa6620da77feed4d367"
  integrity sha1-bHASSP25iW0f7hqmYg2nf+7U02c=

object-inspect@^1.7.0:
  version "1.7.0"
  resolved "https://registry.yarnpkg.com/object-inspect/-/object-inspect-1.7.0.tgz#f4f6bd181ad77f006b5ece60bd0b6f398ff74a67"
  integrity sha512-a7pEHdh1xKIAgTySUGgLMx/xwDZskN1Ud6egYYN3EdRW4ZMPNEDUTF+hwy2LUC+Bl+SyLXANnwz/jyh/qutKUw==

object-keys@^1.0.12, object-keys@^1.1.1:
  version "1.1.1"
  resolved "https://registry.yarnpkg.com/object-keys/-/object-keys-1.1.1.tgz#1c47f272df277f3b1daf061677d9c82e2322c60e"
  integrity sha512-NuAESUOUMrlIXOfHKzD6bpPu3tYt3xvjNdRIQ+FeT0lNb4K8WR70CaDxhuNguS2XG+GjkyMwOzsN5ZktImfhLA==

object-pick@^0.1.1:
  version "0.1.2"
  resolved "https://registry.yarnpkg.com/object-pick/-/object-pick-0.1.2.tgz#b53be7075f8b4ffbf2f8bc280d753fee1afe5801"
  integrity sha1-tTvnB1+LT/vy+LwoDXU/7hr+WAE=

object.getownpropertydescriptors@^2.0.3:
  version "2.0.3"
  resolved "https://registry.yarnpkg.com/object.getownpropertydescriptors/-/object.getownpropertydescriptors-2.0.3.tgz#8758c846f5b407adab0f236e0986f14b051caa16"
  integrity sha1-h1jIRvW0B62rDyNuCYbxSwUcqhY=
  dependencies:
    define-properties "^1.1.2"
    es-abstract "^1.5.1"

on-finished@^2.3.0:
  version "2.3.0"
  resolved "https://registry.yarnpkg.com/on-finished/-/on-finished-2.3.0.tgz#20f1336481b083cd75337992a16971aa2d906947"
  integrity sha1-IPEzZIGwg811M3mSoWlxqi2QaUc=
  dependencies:
    ee-first "1.1.1"

once@^1.3.0:
  version "1.4.0"
  resolved "https://registry.yarnpkg.com/once/-/once-1.4.0.tgz#583b1aa775961d4b113ac17d9c50baef9dd76bd1"
  integrity sha1-WDsap3WWHUsROsF9nFC6753Xa9E=
  dependencies:
    wrappy "1"

only@~0.0.2:
  version "0.0.2"
  resolved "https://registry.yarnpkg.com/only/-/only-0.0.2.tgz#2afde84d03e50b9a8edc444e30610a70295edfb4"
  integrity sha1-Kv3oTQPlC5qO3EROMGEKcCle37Q=

parseurl@^1.3.2:
  version "1.3.3"
  resolved "https://registry.yarnpkg.com/parseurl/-/parseurl-1.3.3.tgz#9da19e7bee8d12dff0513ed5b76957793bc2e8d4"
  integrity sha512-CiyeOxFT/JZyN5m0z9PfXw4SCBJ6Sygz1Dpl0wqjlhDEGGBP1GnsUVEL0p63hoG1fcj3fHynXi9NYO4nWOL+qQ==

path-is-absolute@^1.0.0:
  version "1.0.1"
  resolved "https://registry.yarnpkg.com/path-is-absolute/-/path-is-absolute-1.0.1.tgz#174b9268735534ffbc7ace6bf53a5a9e1b5c5f5f"
  integrity sha1-F0uSaHNVNP+8es5r9TpanhtcX18=

path-is-inside@^1.0.1:
  version "1.0.2"
  resolved "https://registry.yarnpkg.com/path-is-inside/-/path-is-inside-1.0.2.tgz#365417dede44430d1c11af61027facf074bdfc53"
  integrity sha1-NlQX3t5EQw0cEa9hAn+s8HS9/FM=

path-to-regexp@^2.1.0:
  version "2.4.0"
  resolved "https://registry.yarnpkg.com/path-to-regexp/-/path-to-regexp-2.4.0.tgz#35ce7f333d5616f1c1e1bfe266c3aba2e5b2e704"
  integrity sha512-G6zHoVqC6GGTQkZwF4lkuEyMbVOjoBKAEybQUypI1WTkqinCOrq2x6U2+phkJ1XsEMTy4LjtwPI7HW+NVrRR2w==

raw-body@^2.4.1:
  version "2.4.1"
  resolved "https://registry.yarnpkg.com/raw-body/-/raw-body-2.4.1.tgz#30ac82f98bb5ae8c152e67149dac8d55153b168c"
  integrity sha512-9WmIKF6mkvA0SLmA2Knm9+qj89e+j1zqgyn8aXGd7+nAduPoqgI9lO57SAZNn/Byzo5P7JhXTyg9PzaJbH73bA==
  dependencies:
    bytes "3.1.0"
    http-errors "1.7.3"
    iconv-lite "0.4.24"
    unpipe "1.0.0"

redis-commands@1.5.0:
  version "1.5.0"
  resolved "https://registry.yarnpkg.com/redis-commands/-/redis-commands-1.5.0.tgz#80d2e20698fe688f227127ff9e5164a7dd17e785"
  integrity sha512-6KxamqpZ468MeQC3bkWmCB1fp56XL64D4Kf0zJSwDZbVLLm7KFkoIcHrgRvQ+sk8dnhySs7+yBg94yIkAK7aJg==

redis-errors@^1.0.0, redis-errors@^1.2.0:
  version "1.2.0"
  resolved "https://registry.yarnpkg.com/redis-errors/-/redis-errors-1.2.0.tgz#eb62d2adb15e4eaf4610c04afe1529384250abad"
  integrity sha1-62LSrbFeTq9GEMBK/hUpOEJQq60=

redis-parser@^3.0.0:
  version "3.0.0"
  resolved "https://registry.yarnpkg.com/redis-parser/-/redis-parser-3.0.0.tgz#b66d828cdcafe6b4b8a428a7def4c6bcac31c8b4"
  integrity sha1-tm2CjNyv5rS4pCin3vTGvKwxyLQ=
  dependencies:
    redis-errors "^1.0.0"

relative@^0.1.6:
  version "0.1.6"
  resolved "https://registry.yarnpkg.com/relative/-/relative-0.1.6.tgz#adc35dee5b8d3af5242bb2e6889cbcfe7a99886c"
  integrity sha1-rcNd7luNOvUkK7LmiJy8/nqZiGw=
  dependencies:
    normalize-path "^0.1.1"

rimraf@^2.2.8:
  version "2.7.1"
  resolved "https://registry.yarnpkg.com/rimraf/-/rimraf-2.7.1.tgz#35797f13a7fdadc566142c29d4f07ccad483e3ec"
  integrity sha512-uWjbaKIK3T1OSVptzX7Nl6PvQ3qAGtKEtVRjRuazjfL3Bx5eI409VZSqgND+4UNnmzLVdPj9FqFJNPqBZFve4w==
  dependencies:
    glob "^7.1.3"

rimraf@~2.2.6:
  version "2.2.8"
  resolved "https://registry.yarnpkg.com/rimraf/-/rimraf-2.2.8.tgz#e439be2aaee327321952730f99a8929e4fc50582"
  integrity sha1-5Dm+Kq7jJzIZUnMPmaiSnk/FBYI=

safe-buffer@5.1.2:
  version "5.1.2"
  resolved "https://registry.yarnpkg.com/safe-buffer/-/safe-buffer-5.1.2.tgz#991ec69d296e0313747d59bdfd2b745c35f8828d"
  integrity sha512-Gd2UZBJDkXlY7GbJxfsE8/nvKkUEU1G38c1siN6QP6a9PT9MmHB8GnpscSmMJSoF8LOIrt8ud/wPtojys4G6+g==

"safer-buffer@>= 2.1.2 < 3":
  version "2.1.2"
  resolved "https://registry.yarnpkg.com/safer-buffer/-/safer-buffer-2.1.2.tgz#44fa161b0187b9549dd84bb91802f9bd8385cd6a"
  integrity sha512-YZo3K82SD7Riyi0E1EQPojLz7kpepnSQI9IyPbHHg1XXXevb5dJI7tpyN2ADxGcQbHG7vcyRHk0cbwqcQriUtg==

sax@>=0.6.0:
  version "1.2.4"
  resolved "https://registry.yarnpkg.com/sax/-/sax-1.2.4.tgz#2816234e2378bddc4e5354fab5caa895df7100d9"
  integrity sha512-NqVDv9TpANUjFm0N8uM5GxL36UgKi9/atZw+x7YFnQ8ckwFGKrl4xX4yWtrey3UJm5nP1kUbnYgLopqWNSRhWw==

setprototypeof@1.1.1:
  version "1.1.1"
  resolved "https://registry.yarnpkg.com/setprototypeof/-/setprototypeof-1.1.1.tgz#7e95acb24aa92f5885e0abef5ba131330d4ae683"
  integrity sha512-JvdAWfbXeIGaZ9cILp38HntZSFSo3mWg6xGcJJsd+d4aRMOqauag1C63dJfDw7OaMYwEbHMOxEZ1lqVRYP2OAw==

sigmund@~1.0.0:
  version "1.0.1"
  resolved "https://registry.yarnpkg.com/sigmund/-/sigmund-1.0.1.tgz#3ff21f198cad2175f9f3b781853fd94d0d19b590"
  integrity sha1-P/IfGYytIXX587eBhT/ZTQ0ZtZA=

sprintf-js@~1.0.2:
  version "1.0.3"
  resolved "https://registry.yarnpkg.com/sprintf-js/-/sprintf-js-1.0.3.tgz#04e6926f662895354f3dd015203633b857297e2c"
  integrity sha1-BOaSb2YolTVPPdAVIDYzuFcpfiw=

standard-as-callback@^2.0.1:
  version "2.0.1"
  resolved "https://registry.yarnpkg.com/standard-as-callback/-/standard-as-callback-2.0.1.tgz#ed8bb25648e15831759b6023bdb87e6b60b38126"
  integrity sha512-NQOxSeB8gOI5WjSaxjBgog2QFw55FV8TkS6Y07BiB3VJ8xNTvUYm0wl0s8ObgQ5NhdpnNfigMIKjgPESzgr4tg==

"statuses@>= 1.5.0 < 2", statuses@^1.5.0:
  version "1.5.0"
  resolved "https://registry.yarnpkg.com/statuses/-/statuses-1.5.0.tgz#161c7dac177659fd9811f43771fa99381478628c"
  integrity sha1-Fhx9rBd2Wf2YEfQ3cfqZOBR4Yow=

string.prototype.trimleft@^2.1.0:
  version "2.1.0"
  resolved "https://registry.yarnpkg.com/string.prototype.trimleft/-/string.prototype.trimleft-2.1.0.tgz#6cc47f0d7eb8d62b0f3701611715a3954591d634"
  integrity sha512-FJ6b7EgdKxxbDxc79cOlok6Afd++TTs5szo+zJTUyow3ycrRfJVE2pq3vcN53XexvKZu/DJMDfeI/qMiZTrjTw==
  dependencies:
    define-properties "^1.1.3"
    function-bind "^1.1.1"

string.prototype.trimright@^2.1.0:
  version "2.1.0"
  resolved "https://registry.yarnpkg.com/string.prototype.trimright/-/string.prototype.trimright-2.1.0.tgz#669d164be9df9b6f7559fa8e89945b168a5a6c58"
  integrity sha512-fXZTSV55dNBwv16uw+hh5jkghxSnc5oHq+5K/gXgizHwAvMetdAJlHqqoFC1FSDVPYWLkAKl2cxpUT41sV7nSg==
  dependencies:
    define-properties "^1.1.3"
    function-bind "^1.1.1"

strip-ansi@~0.1.0:
  version "0.1.1"
  resolved "https://registry.yarnpkg.com/strip-ansi/-/strip-ansi-0.1.1.tgz#39e8a98d044d150660abe4a6808acf70bb7bc991"
  integrity sha1-OeipjQRNFQZgq+SmgIrPcLt7yZE=

template@~0.1.6:
  version "0.1.8"
  resolved "https://registry.yarnpkg.com/template/-/template-0.1.8.tgz#17cac0ee7a0eff58dd6b8f18ea6b05a071174fc2"
  integrity sha1-F8rA7noO/1jda48Y6msFoHEXT8I=
  dependencies:
    delims "~0.1.4"
    fs-utils "~0.4.1"
    lodash "~2.4.1"
    underscore.string "~2.3.3"

think_cache@^2.x.x:
  version "2.0.4"
  resolved "https://registry.yarnpkg.com/think_cache/-/think_cache-2.0.4.tgz#45c4468d5c394532fb5bf63e7ea4a42de8b963e4"
  integrity sha512-B+9GpWlNMyqUzduE9NaqK+ldqWDz4bFWQ+8yvPI6qjb2KXQfzpynSWUF+1SqelycTXTl5e+g+a11d9MuXxAo1g==
  dependencies:
    think_lib "^2.x.x"
    think_store "^2.x.x"

think_controller@^2.x.x:
  version "2.0.6"
  resolved "https://registry.yarnpkg.com/think_controller/-/think_controller-2.0.6.tgz#ff57e3aa45e36beed24cba64b82cd92f6aae6f0a"
  integrity sha512-4N1vfX1tIFDa6vfhMyJlZxGwyX3STF85bv+uWh6mi0dD++LgXjFb91Mz3ADobM+r5yZ1XSO1QS6YoRWFFEVFbA==
  dependencies:
    think_lib "^2.x.x"

think_lib@^2.x.x:
  version "2.2.8"
  resolved "https://registry.yarnpkg.com/think_lib/-/think_lib-2.2.8.tgz#e7c902378319dbd4b6df48364b6e22c4f14b3067"
  integrity sha512-skFpsNCfKTsdI55GuJi6uI7BuFOaIiUMD0fCUlkMYBw1kTPpXeKuzEvQllYCMsEm/mtGkkXTeLmxfe8K1fAvMg==
  dependencies:
    bluebird "^3.5.5"
    co "^4.6.0"
    lodash "^4.17.15"
    typescript "^3.5.3"

think_loader@^2.x.x:
  version "2.0.2"
  resolved "https://registry.yarnpkg.com/think_loader/-/think_loader-2.0.2.tgz#9eb27117132125df363d14947737d57ff6862503"
  integrity sha512-HkueaC2UiEXIP+4oVCetj9ZWFfs7+tvU1s0wbZnxw06iis0ZON5z+BL9ITkS4b9Jh8ItmOXciNQYFrYenX/kdw==
  dependencies:
    think_lib "^2.x.x"

think_logger@^2.x.x:
  version "2.1.0"
  resolved "https://registry.yarnpkg.com/think_logger/-/think_logger-2.1.0.tgz#74c9383dc2d590bd11303d0c94e29bdc5321d332"
  integrity sha512-JrFv4fqxnnQL8TnPNp9EZUPGOEhD/s2fUA4Gq8ABYhZK6KaTSgTNS4fNLGQx7E/yCCmFh5e9n3HJmgAPIdwDSQ==
  dependencies:
    think_lib "^2.x.x"

think_payload@^2.x.x:
  version "2.1.1"
  resolved "https://registry.yarnpkg.com/think_payload/-/think_payload-2.1.1.tgz#03d8238d8221cbd870be9a5810bdae6487accff0"
  integrity sha512-1dWTbeXt30/SspN/r823OroQhW7ZbQ/IEqxbHW7+zsKUPnCCxZPdDj4O/MbR+22Z5YpCx7QuNjNH6jDDIGsCYg==
  dependencies:
    formidable "^1.2.1"
    inflation "^2.0.0"
    on-finished "^2.3.0"
    raw-body "^2.4.1"
    think_lib "^2.x.x"
    xml2js "^0.4.22"

think_router@^2.x.x:
  version "2.0.1"
  resolved "https://registry.yarnpkg.com/think_router/-/think_router-2.0.1.tgz#0fac6ecbc7e317aa3338934253dab95426162e52"
  integrity sha512-CfR9gbmTNpSd7CXH0x3n7RU6n3wpOuOjFtcPX9FOoMECMMJp88DVASb7BPWX8MI6w6nP/Zk16HOG4BlQ/PEgkA==
  dependencies:
    path-to-regexp "^2.1.0"
    think_lib "^2.x.x"

think_static@^2.x.x:
  version "2.1.2"
  resolved "https://registry.yarnpkg.com/think_static/-/think_static-2.1.2.tgz#2473ee661d71be4e6aefff1c1edc3e56167aece4"
  integrity sha512-jZj3U6iy0Ip0pMFoxcSuRiq5deimU3OPuKMye7D2A0cnO/boxLbGmIQ2R72qQTSISat49M9MHMOOHLT08AwQQg==
  dependencies:
    compressible "^2.0.17"
    mime-types "^2.1.24"
    think_lib "^2.x.x"

think_store@^2.x.x:
  version "2.4.0"
  resolved "https://registry.yarnpkg.com/think_store/-/think_store-2.4.0.tgz#ec4e11fe7c4d4e3fc6fc2e5b89fb34e08effc470"
  integrity sha512-KzLMMoBzLBSV1MADoCs+J3tfehmYn3pZqtU5O1s5rRUjG01zkFM6sozGfm/Q88O81T3amEqubI5Gk+OiRlR+DA==
  dependencies:
    generic-pool "^3.7.1"
    ioredis "^4.14.1"
    think_lib "^2.x.x"

think_trace@^2.x.x:
  version "2.1.2"
  resolved "https://registry.yarnpkg.com/think_trace/-/think_trace-2.1.2.tgz#f92ba4ae3381fe6173810b47d84509b852c9abde"
  integrity sha512-L89HQtSo6rBCHsImPbwnK6FEF8yGbD4s/gd86P/BEU82gfIdWrTYeNV/9H9l4Y1Rf4hWXz+1A4le5j0FGK1dvw==
  dependencies:
    http-errors "^1.7.3"
    think_lib "^2.x.x"
    think_logger "^2.x.x"

think_view@^2.x.x:
  version "2.2.2"
  resolved "https://registry.yarnpkg.com/think_view/-/think_view-2.2.2.tgz#5f91c41e9d7cfdb1e37617a0406e248c19af698d"
  integrity sha512-9pIxFRp3fRdQV15wT8GxpPkNBR95ZISHEn5y7LLwqCusPy+S3cFAu+zxUA+BMnd2HKOUzaTecbpzX5DaTTYgvQ==
  dependencies:
    ejs "^2.7.1"
    think_lib "^2.x.x"

thinkkoa@2.4.14:
  version "2.4.14"
  resolved "https://registry.yarnpkg.com/thinkkoa/-/thinkkoa-2.4.14.tgz#e64e72cb77b348116ed967f7e2b4cf2f3c7dfa0c"
  integrity sha512-AhL0UP6tNeh278cxAgh4MTzn5tcQJ5xwLeJxtLfEB93OKuUZIyT490zuWsarraEgakMC7Oev28gZW/8jP6hkvA==
  dependencies:
    koa "^2.10.0"
    think_controller "^2.x.x"
    think_lib "^2.x.x"
    think_loader "^2.x.x"
    think_logger "^2.x.x"
    think_payload "^2.x.x"
    think_router "^2.x.x"
    think_static "^2.x.x"
    think_trace "^2.x.x"

toidentifier@1.0.0:
  version "1.0.0"
  resolved "https://registry.yarnpkg.com/toidentifier/-/toidentifier-1.0.0.tgz#7e1be3470f1e77948bc43d94a3c8f4d7752ba553"
  integrity sha512-yaOH/Pk/VEhBWWTlhI+qXxDFXlejDGcQipMlyxda9nthulaxLZUNcUqFxokp0vcYnvteJln5FNQDRrxj3YcbVw==

toml@^2.0.6:
  version "2.3.6"
  resolved "https://registry.yarnpkg.com/toml/-/toml-2.3.6.tgz#25b0866483a9722474895559088b436fd11f861b"
  integrity sha512-gVweAectJU3ebq//Ferr2JUY4WKSDe5N+z0FvjDncLGyHmIDoxgY/2Ie4qfEIDm4IS7OA6Rmdm7pdEEdMcV/xQ==

tsscmp@1.0.6:
  version "1.0.6"
  resolved "https://registry.yarnpkg.com/tsscmp/-/tsscmp-1.0.6.tgz#85b99583ac3589ec4bfef825b5000aa911d605eb"
  integrity sha512-LxhtAkPDTkVCMQjt2h6eBVY28KCjikZqZfMcC15YBeNjkgUpdCfBu5HoiOTDu86v6smE8yOjyEktJ8hlbANHQA==

type-is@^1.6.16:
  version "1.6.18"
  resolved "https://registry.yarnpkg.com/type-is/-/type-is-1.6.18.tgz#4e552cd05df09467dcbc4ef739de89f2cf37c131"
  integrity sha512-TkRKr9sUTxEH8MdfuCSP7VizJyzRNMjj2J2do2Jr3Kym598JVdEksuzPQCnlFPW4ky9Q+iA+ma9BGm06XQBy8g==
  dependencies:
    media-typer "0.3.0"
    mime-types "~2.1.24"

typescript@^3.5.3:
  version "3.7.2"
  resolved "https://registry.yarnpkg.com/typescript/-/typescript-3.7.2.tgz#27e489b95fa5909445e9fef5ee48d81697ad18fb"
  integrity sha512-ml7V7JfiN2Xwvcer+XAf2csGO1bPBdRbFCkYBczNZggrBZ9c7G3riSUeJmqEU5uOtXNPMhE3n+R4FA/3YOAWOQ==

underscore.string@~2.3.3:
  version "2.3.3"
  resolved "https://registry.yarnpkg.com/underscore.string/-/underscore.string-2.3.3.tgz#71c08bf6b428b1133f37e78fa3a21c82f7329b0d"
  integrity sha1-ccCL9rQosRM/N+ePo6Icgvcymw0=

underscore.string@~2.4.0:
  version "2.4.0"
  resolved "https://registry.yarnpkg.com/underscore.string/-/underscore.string-2.4.0.tgz#8cdd8fbac4e2d2ea1e7e2e8097c42f442280f85b"
  integrity sha1-jN2PusTi0uoefi6Al8QvRCKA+Fs=

underscore@~1.7.0:
  version "1.7.0"
  resolved "https://registry.yarnpkg.com/underscore/-/underscore-1.7.0.tgz#6bbaf0877500d36be34ecaa584e0db9fef035209"
  integrity sha1-a7rwh3UA02vjTsqlhODbn+8DUgk=

"unorm@>= 1.0.0":
  version "1.6.0"
  resolved "https://registry.yarnpkg.com/unorm/-/unorm-1.6.0.tgz#029b289661fba714f1a9af439eb51d9b16c205af"
  integrity sha512-b2/KCUlYZUeA7JFUuRJZPUtr4gZvBh7tavtv4fvk4+KV9pfGiR6CQAQAWl49ZpR3ts2dk4FYkP7EIgDJoiOLDA==

unpipe@1.0.0:
  version "1.0.0"
  resolved "https://registry.yarnpkg.com/unpipe/-/unpipe-1.0.0.tgz#b2bf4ee8514aae6165b4817829d21b2ef49904ec"
  integrity sha1-sr9O6FFKrmFltIF4KdIbLvSZBOw=

uslug@~1.0.3:
  version "1.0.4"
  resolved "https://registry.yarnpkg.com/uslug/-/uslug-1.0.4.tgz#b9a22f0914e0a86140633dacc302e5f4fa450677"
  integrity sha1-uaIvCRTgqGFAYz2swwLl9PpFBnc=
  dependencies:
    unorm ">= 1.0.0"

util.promisify@~1.0.0:
  version "1.0.0"
  resolved "https://registry.yarnpkg.com/util.promisify/-/util.promisify-1.0.0.tgz#440f7165a459c9a16dc145eb8e72f35687097030"
  integrity sha512-i+6qA2MPhvoKLuxnJNpXAGhg7HphQOSUq2LKMZD0m15EiskXUkMvKdF4Uui0WYeCUGea+o2cw/ZuwehtfsrNkA==
  dependencies:
    define-properties "^1.1.2"
    object.getownpropertydescriptors "^2.0.3"

vary@^1.1.2:
  version "1.1.2"
  resolved "https://registry.yarnpkg.com/vary/-/vary-1.1.2.tgz#2299f02c6ded30d4a5961b0b9f74524a18f634fc"
  integrity sha1-IpnwLG3tMNSllhsLn3RSShj2NPw=

verbalize@^0.1.2:
  version "0.1.2"
  resolved "https://registry.yarnpkg.com/verbalize/-/verbalize-0.1.2.tgz#165fda4640331548f8e990b1d7e14395eb720207"
  integrity sha1-Fl/aRkAzFUj46ZCx1+FDletyAgc=
  dependencies:
    chalk "~0.4.0"

wrappy@1:
  version "1.0.2"
  resolved "https://registry.yarnpkg.com/wrappy/-/wrappy-1.0.2.tgz#b5243d8f3ec1aa35f1364605bc0d1036e30ab69f"
  integrity sha1-tSQ9jz7BqjXxNkYFvA0QNuMKtp8=

xml2js@^0.4.22:
  version "0.4.22"
  resolved "https://registry.yarnpkg.com/xml2js/-/xml2js-0.4.22.tgz#4fa2d846ec803237de86f30aa9b5f70b6600de02"
  integrity sha512-MWTbxAQqclRSTnehWWe5nMKzI3VmJ8ltiJEco8akcC6j3miOhjjfzKum5sId+CWhfxdOs/1xauYr8/ZDBtQiRw==
  dependencies:
    sax ">=0.6.0"
    util.promisify "~1.0.0"
    xmlbuilder "~11.0.0"

xmlbuilder@~11.0.0:
  version "11.0.1"
  resolved "https://registry.yarnpkg.com/xmlbuilder/-/xmlbuilder-11.0.1.tgz#be9bae1c8a046e76b31127726347d0ad7002beb3"
  integrity sha512-fDlsI/kFEx7gLvbecc0/ohLG50fugQp8ryHzMTuW9vSa1GJ0XYWKnhsUx7oie3G98+r56aTQIUB4kht42R3JvA==

ylru@^1.2.0:
  version "1.2.1"
  resolved "https://registry.yarnpkg.com/ylru/-/ylru-1.2.1.tgz#f576b63341547989c1de7ba288760923b27fe84f"
  integrity sha512-faQrqNMzcPCHGVC2aaOINk13K+aaBDUPjGWl0teOXywElLjyVAB6Oe2jj62jHYtwsU49jXhScYbvPENK+6zAvQ==
